{
  "name": "demo",
  "version": "1.0.0",
  "lockfileVersion": 1,
  "requires": true,
  "dependencies": {
    "ezo-ngx-extract": {
      "version": "0.1.1",
      "resolved": "https://registry.npmjs.org/ezo-ngx-extract/-/ezo-ngx-extract-0.1.1.tgz",
      "integrity": "sha512-d2hRjIXmvV5d0qSK8qiMaP/80btRotrZFWOYur/K5XM9h3IYN72FZlw4hrFKz0S8FQySelckA8f/i0zSjhzMBA=="
    }
  }
}
